// !$*UTF8*$!
{
	archiveVersion = 1;
	classes = {
	};
	objectVersion = 50;
	objects = {

/* Begin PBXBuildFile section */
		1233F926235CA5930010D31C /* AppDelegate.swift in Sources */ = {isa = PBXBuildFile; fileRef = 1233F925235CA5930010D31C /* AppDelegate.swift */; };
		1233F928235CA5930010D31C /* SceneDelegate.swift in Sources */ = {isa = PBXBuildFile; fileRef = 1233F927235CA5930010D31C /* SceneDelegate.swift */; };
		1233F92A235CA5930010D31C /* ViewController.swift in Sources */ = {isa = PBXBuildFile; fileRef = 1233F929235CA5930010D31C /* ViewController.swift */; };
		1233F92D235CA5930010D31C /* Main.storyboard in Resources */ = {isa = PBXBuildFile; fileRef = 1233F92B235CA5930010D31C /* Main.storyboard */; };
		1233F930235CA5930010D31C /* XueZhongYu.xcdatamodeld in Sources */ = {isa = PBXBuildFile; fileRef = 1233F92E235CA5930010D31C /* XueZhongYu.xcdatamodeld */; };
		1233F932235CA5940010D31C /* Assets.xcassets in Resources */ = {isa = PBXBuildFile; fileRef = 1233F931235CA5940010D31C /* Assets.xcassets */; };
		1233F935235CA5940010D31C /* LaunchScreen.storyboard in Resources */ = {isa = PBXBuildFile; fileRef = 1233F933235CA5940010D31C /* LaunchScreen.storyboard */; };
		1233F94A235CA98E0010D31C /* Localizable.strings in Resources */ = {isa = PBXBuildFile; fileRef = 1233F94C235CA98E0010D31C /* Localizable.strings */; };
		1233F950235CA9DE0010D31C /* Extensions.swift in Sources */ = {isa = PBXBuildFile; fileRef = 1233F94F235CA9DE0010D31C /* Extensions.swift */; };
		1233F954235CAB6C0010D31C /* XZColors.swift in Sources */ = {isa = PBXBuildFile; fileRef = 1233F953235CAB6C0010D31C /* XZColors.swift */; };
		1233F956235CB2E70010D31C /* XZFormatter.swift in Sources */ = {isa = PBXBuildFile; fileRef = 1233F955235CB2E70010D31C /* XZFormatter.swift */; };
		C7419BDAF0C88DD7F8C20BC0 /* Pods_XueZhongYu.framework in Frameworks */ = {isa = PBXBuildFile; fileRef = 5B7F911AB70451B540EBE500 /* Pods_XueZhongYu.framework */; };
/* End PBXBuildFile section */

/* Begin PBXFileReference section */
		1233F922235CA5930010D31C /* XueZhongYu.app */ = {isa = PBXFileReference; explicitFileType = wrapper.application; includeInIndex = 0; path = XueZhongYu.app; sourceTree = BUILT_PRODUCTS_DIR; };
		1233F925235CA5930010D31C /* AppDelegate.swift */ = {isa = PBXFileReference; lastKnownFileType = sourcecode.swift; path = AppDelegate.swift; sourceTree = "<group>"; };
		1233F927235CA5930010D31C /* SceneDelegate.swift */ = {isa = PBXFileReference; lastKnownFileType = sourcecode.swift; path = SceneDelegate.swift; sourceTree = "<group>"; };
		1233F929235CA5930010D31C /* ViewController.swift */ = {isa = PBXFileReference; lastKnownFileType = sourcecode.swift; path = ViewController.swift; sourceTree = "<group>"; };
		1233F92C235CA5930010D31C /* Base */ = {isa = PBXFileReference; lastKnownFileType = file.storyboard; name = Base; path = Base.lproj/Main.storyboard; sourceTree = "<group>"; };
		1233F92F235CA5930010D31C /* XueZhongYu.xcdatamodel */ = {isa = PBXFileReference; lastKnownFileType = wrapper.xcdatamodel; path = XueZhongYu.xcdatamodel; sourceTree = "<group>"; };
		1233F931235CA5940010D31C /* Assets.xcassets */ = {isa = PBXFileReference; lastKnownFileType = folder.assetcatalog; path = Assets.xcassets; sourceTree = "<group>"; };
		1233F934235CA5940010D31C /* Base */ = {isa = PBXFileReference; lastKnownFileType = file.storyboard; name = Base; path = Base.lproj/LaunchScreen.storyboard; sourceTree = "<group>"; };
		1233F936235CA5940010D31C /* Info.plist */ = {isa = PBXFileReference; lastKnownFileType = text.plist.xml; path = Info.plist; sourceTree = "<group>"; };
		1233F94B235CA98E0010D31C /* en */ = {isa = PBXFileReference; lastKnownFileType = text.plist.strings; name = en; path = en.lproj/Localizable.strings; sourceTree = "<group>"; };
		1233F94D235CA9920010D31C /* zh-Hans */ = {isa = PBXFileReference; lastKnownFileType = text.plist.strings; name = "zh-Hans"; path = "zh-Hans.lproj/Localizable.strings"; sourceTree = "<group>"; };
		1233F94E235CA9930010D31C /* vi */ = {isa = PBXFileReference; lastKnownFileType = text.plist.strings; name = vi; path = vi.lproj/Localizable.strings; sourceTree = "<group>"; };
		1233F94F235CA9DE0010D31C /* Extensions.swift */ = {isa = PBXFileReference; lastKnownFileType = sourcecode.swift; path = Extensions.swift; sourceTree = "<group>"; };
		1233F953235CAB6C0010D31C /* XZColors.swift */ = {isa = PBXFileReference; lastKnownFileType = sourcecode.swift; path = XZColors.swift; sourceTree = "<group>"; };
		1233F955235CB2E70010D31C /* XZFormatter.swift */ = {isa = PBXFileReference; lastKnownFileType = sourcecode.swift; path = XZFormatter.swift; sourceTree = "<group>"; };
		5B7F911AB70451B540EBE500 /* Pods_XueZhongYu.framework */ = {isa = PBXFileReference; explicitFileType = wrapper.framework; includeInIndex = 0; path = Pods_XueZhongYu.framework; sourceTree = BUILT_PRODUCTS_DIR; };
		6AE3AE0EFB78A6888EF85E71 /* Pods-XueZhongYu.release.xcconfig */ = {isa = PBXFileReference; includeInIndex = 1; lastKnownFileType = text.xcconfig; name = "Pods-XueZhongYu.release.xcconfig"; path = "Target Support Files/Pods-XueZhongYu/Pods-XueZhongYu.release.xcconfig"; sourceTree = "<group>"; };
		82B94834697809AA5D7941B1 /* Pods-XueZhongYu.debug.xcconfig */ = {isa = PBXFileReference; includeInIndex = 1; lastKnownFileType = text.xcconfig; name = "Pods-XueZhongYu.debug.xcconfig"; path = "Target Support Files/Pods-XueZhongYu/Pods-XueZhongYu.debug.xcconfig"; sourceTree = "<group>"; };
/* End PBXFileReference section */

/* Begin PBXFrameworksBuildPhase section */
		1233F91F235CA5930010D31C /* Frameworks */ = {
			isa = PBXFrameworksBuildPhase;
			buildActionMask = 2147483647;
			files = (
				C7419BDAF0C88DD7F8C20BC0 /* Pods_XueZhongYu.framework in Frameworks */,
			);
			runOnlyForDeploymentPostprocessing = 0;
		};
/* End PBXFrameworksBuildPhase section */

/* Begin PBXGroup section */
		1233F919235CA5920010D31C = {
			isa = PBXGroup;
			children = (
				1233F924235CA5930010D31C /* XueZhongYu */,
				1233F923235CA5930010D31C /* Products */,
				549A8AF3FB83C2633317630F /* Pods */,
				B496F0E76CEEB33D10A534E0 /* Frameworks */,
			);
			sourceTree = "<group>";
		};
		1233F923235CA5930010D31C /* Products */ = {
			isa = PBXGroup;
			children = (
				1233F922235CA5930010D31C /* XueZhongYu.app */,
			);
			name = Products;
			sourceTree = "<group>";
		};
		1233F924235CA5930010D31C /* XueZhongYu */ = {
			isa = PBXGroup;
			children = (
				1233F940235CA7610010D31C /* CustomViews */,
				1233F93F235CA7540010D31C /* ViewControllers */,
				1233F93E235CA7340010D31C /* Enities */,
				1233F93D235CA7140010D31C /* Utilities */,
				1233F93C235CA7060010D31C /* Storyboards */,
				1233F925235CA5930010D31C /* AppDelegate.swift */,
				1233F927235CA5930010D31C /* SceneDelegate.swift */,
				1233F929235CA5930010D31C /* ViewController.swift */,
				1233F92B235CA5930010D31C /* Main.storyboard */,
				1233F931235CA5940010D31C /* Assets.xcassets */,
				1233F933235CA5940010D31C /* LaunchScreen.storyboard */,
				1233F936235CA5940010D31C /* Info.plist */,
				1233F92E235CA5930010D31C /* XueZhongYu.xcdatamodeld */,
				1233F94C235CA98E0010D31C /* Localizable.strings */,
			);
			path = XueZhongYu;
			sourceTree = "<group>";
		};
		1233F93C235CA7060010D31C /* Storyboards */ = {
			isa = PBXGroup;
			children = (
			);
			path = Storyboards;
			sourceTree = "<group>";
		};
		1233F93D235CA7140010D31C /* Utilities */ = {
			isa = PBXGroup;
			children = (
				1233F94F235CA9DE0010D31C /* Extensions.swift */,
				1233F953235CAB6C0010D31C /* XZColors.swift */,
				1233F955235CB2E70010D31C /* XZFormatter.swift */,
			);
			path = Utilities;
			sourceTree = "<group>";
		};
		1233F93E235CA7340010D31C /* Enities */ = {
			isa = PBXGroup;
			children = (
			);
			path = Enities;
			sourceTree = "<group>";
		};
		1233F93F235CA7540010D31C /* ViewControllers */ = {
			isa = PBXGroup;
			children = (
			);
			path = ViewControllers;
			sourceTree = "<group>";
		};
		1233F940235CA7610010D31C /* CustomViews */ = {
			isa = PBXGroup;
			children = (
				1233F943235CA78D0010D31C /* UIViews */,
				1233F942235CA7810010D31C /* CollectionviewCells */,
				1233F941235CA7780010D31C /* TableviewCells */,
			);
			path = CustomViews;
			sourceTree = "<group>";
		};
		1233F941235CA7780010D31C /* TableviewCells */ = {
			isa = PBXGroup;
			children = (
			);
			path = TableviewCells;
			sourceTree = "<group>";
		};
		1233F942235CA7810010D31C /* CollectionviewCells */ = {
			isa = PBXGroup;
			children = (
			);
			path = CollectionviewCells;
			sourceTree = "<group>";
		};
		1233F943235CA78D0010D31C /* UIViews */ = {
			isa = PBXGroup;
			children = (
			);
			path = UIViews;
			sourceTree = "<group>";
		};
		549A8AF3FB83C2633317630F /* Pods */ = {
			isa = PBXGroup;
			children = (
				82B94834697809AA5D7941B1 /* Pods-XueZhongYu.debug.xcconfig */,
				6AE3AE0EFB78A6888EF85E71 /* Pods-XueZhongYu.release.xcconfig */,
			);
			path = Pods;
			sourceTree = "<group>";
		};
		B496F0E76CEEB33D10A534E0 /* Frameworks */ = {
			isa = PBXGroup;
			children = (
				5B7F911AB70451B540EBE500 /* Pods_XueZhongYu.framework */,
			);
			name = Frameworks;
			sourceTree = "<group>";
		};
/* End PBXGroup section */

/* Begin PBXNativeTarget section */
		1233F921235CA5930010D31C /* XueZhongYu */ = {
			isa = PBXNativeTarget;
			buildConfigurationList = 1233F939235CA5940010D31C /* Build configuration list for PBXNativeTarget "XueZhongYu" */;
			buildPhases = (
				E1A6C3C825B810D14CF314E2 /* [CP] Check Pods Manifest.lock */,
				1233F91E235CA5930010D31C /* Sources */,
				1233F91F235CA5930010D31C /* Frameworks */,
				1233F920235CA5930010D31C /* Resources */,
				29F70AF8EF8096EC47BE8322 /* [CP] Embed Pods Frameworks */,
			);
			buildRules = (
			);
			dependencies = (
			);
			name = XueZhongYu;
			productName = XueZhongYu;
			productReference = 1233F922235CA5930010D31C /* XueZhongYu.app */;
			productType = "com.apple.product-type.application";
		};
/* End PBXNativeTarget section */

/* Begin PBXProject section */
		1233F91A235CA5920010D31C /* Project object */ = {
			isa = PBXProject;
			attributes = {
				CLASSPREFIX = XZ;
				LastSwiftUpdateCheck = 1110;
				LastUpgradeCheck = 1110;
				ORGANIZATIONNAME = KietTieu;
				TargetAttributes = {
					1233F921235CA5930010D31C = {
						CreatedOnToolsVersion = 11.1;
					};
				};
			};
			buildConfigurationList = 1233F91D235CA5920010D31C /* Build configuration list for PBXProject "XueZhongYu" */;
			compatibilityVersion = "Xcode 9.3";
			developmentRegion = en;
			hasScannedForEncodings = 0;
			knownRegions = (
				en,
				Base,
				"zh-Hans",
				vi,
			);
			mainGroup = 1233F919235CA5920010D31C;
			productRefGroup = 1233F923235CA5930010D31C /* Products */;
			projectDirPath = "";
			projectRoot = "";
			targets = (
				1233F921235CA5930010D31C /* XueZhongYu */,
			);
		};
/* End PBXProject section */

/* Begin PBXResourcesBuildPhase section */
		1233F920235CA5930010D31C /* Resources */ = {
			isa = PBXResourcesBuildPhase;
			buildActionMask = 2147483647;
			files = (
				1233F935235CA5940010D31C /* LaunchScreen.storyboard in Resources */,
				1233F94A235CA98E0010D31C /* Localizable.strings in Resources */,
				1233F932235CA5940010D31C /* Assets.xcassets in Resources */,
				1233F92D235CA5930010D31C /* Main.storyboard in Resources */,
			);
			runOnlyForDeploymentPostprocessing = 0;
		};
/* End PBXResourcesBuildPhase section */

/* Begin PBXShellScriptBuildPhase section */
		29F70AF8EF8096EC47BE8322 /* [CP] Embed Pods Frameworks */ = {
			isa = PBXShellScriptBuildPhase;
			buildActionMask = 2147483647;
			files = (
			);
			inputFileListPaths = (
			);
			inputPaths = (
				"${PODS_ROOT}/Target Support Files/Pods-XueZhongYu/Pods-XueZhongYu-frameworks.sh",
				"${BUILT_PRODUCTS_DIR}/Bolts/Bolts.framework",
				"${BUILT_PRODUCTS_DIR}/GTMSessionFetcher/GTMSessionFetcher.framework",
				"${BUILT_PRODUCTS_DIR}/GoogleUtilities/GoogleUtilities.framework",
				"${BUILT_PRODUCTS_DIR}/ObjectMapper/ObjectMapper.framework",
				"${BUILT_PRODUCTS_DIR}/Parse/Parse.framework",
				"${BUILT_PRODUCTS_DIR}/ReachabilitySwift/Reachability.framework",
				"${BUILT_PRODUCTS_DIR}/SDWebImage/SDWebImage.framework",
				"${BUILT_PRODUCTS_DIR}/nanopb/nanopb.framework",
			);
			name = "[CP] Embed Pods Frameworks";
			outputFileListPaths = (
			);
			outputPaths = (
				"${TARGET_BUILD_DIR}/${FRAMEWORKS_FOLDER_PATH}/Bolts.framework",
				"${TARGET_BUILD_DIR}/${FRAMEWORKS_FOLDER_PATH}/GTMSessionFetcher.framework",
				"${TARGET_BUILD_DIR}/${FRAMEWORKS_FOLDER_PATH}/GoogleUtilities.framework",
				"${TARGET_BUILD_DIR}/${FRAMEWORKS_FOLDER_PATH}/ObjectMapper.framework",
				"${TARGET_BUILD_DIR}/${FRAMEWORKS_FOLDER_PATH}/Parse.framework",
				"${TARGET_BUILD_DIR}/${FRAMEWORKS_FOLDER_PATH}/Reachability.framework",
				"${TARGET_BUILD_DIR}/${FRAMEWORKS_FOLDER_PATH}/SDWebImage.framework",
				"${TARGET_BUILD_DIR}/${FRAMEWORKS_FOLDER_PATH}/nanopb.framework",
			);
			runOnlyForDeploymentPostprocessing = 0;
			shellPath = /bin/sh;
			shellScript = "\"${PODS_ROOT}/Target Support Files/Pods-XueZhongYu/Pods-XueZhongYu-frameworks.sh\"\n";
			showEnvVarsInLog = 0;
		};
		E1A6C3C825B810D14CF314E2 /* [CP] Check Pods Manifest.lock */ = {
			isa = PBXShellScriptBuildPhase;
			buildActionMask = 2147483647;
			files = (
			);
			inputFileListPaths = (
			);
			inputPaths = (
				"${PODS_PODFILE_DIR_PATH}/Podfile.lock",
				"${PODS_ROOT}/Manifest.lock",
			);
			name = "[CP] Check Pods Manifest.lock";
			outputFileListPaths = (
			);
			outputPaths = (
				"$(DERIVED_FILE_DIR)/Pods-XueZhongYu-checkManifestLockResult.txt",
			);
			runOnlyForDeploymentPostprocessing = 0;
			shellPath = /bin/sh;
			shellScript = "diff \"${PODS_PODFILE_DIR_PATH}/Podfile.lock\" \"${PODS_ROOT}/Manifest.lock\" > /dev/null\nif [ $? != 0 ] ; then\n    # print error to STDERR\n    echo \"error: The sandbox is not in sync with the Podfile.lock. Run 'pod install' or update your CocoaPods installation.\" >&2\n    exit 1\nfi\n# This output is used by Xcode 'outputs' to avoid re-running this script phase.\necho \"SUCCESS\" > \"${SCRIPT_OUTPUT_FILE_0}\"\n";
			showEnvVarsInLog = 0;
		};
/* End PBXShellScriptBuildPhase section */

/* Begin PBXSourcesBuildPhase section */
		1233F91E235CA5930010D31C /* Sources */ = {
			isa = PBXSourcesBuildPhase;
			buildActionMask = 2147483647;
			files = (
				1233F956235CB2E70010D31C /* XZFormatter.swift in Sources */,
				1233F950235CA9DE0010D31C /* Extensions.swift in Sources */,
				1233F92A235CA5930010D31C /* ViewController.swift in Sources */,
				1233F930235CA5930010D31C /* XueZhongYu.xcdatamodeld in Sources */,
				1233F954235CAB6C0010D31C /* XZColors.swift in Sources */,
				1233F926235CA5930010D31C /* AppDelegate.swift in Sources */,
				1233F928235CA5930010D31C /* SceneDelegate.swift in Sources */,
			);
			runOnlyForDeploymentPostprocessing = 0;
		};
/* End PBXSourcesBuildPhase section */

/* Begin PBXVariantGroup section */
		1233F92B235CA5930010D31C /* Main.storyboard */ = {
			isa = PBXVariantGroup;
			children = (
				1233F92C235CA5930010D31C /* Base */,
			);
			name = Main.storyboard;
			sourceTree = "<group>";
		};
		1233F933235CA5940010D31C /* LaunchScreen.storyboard */ = {
			isa = PBXVariantGroup;
			children = (
				1233F934235CA5940010D31C /* Base */,
			);
			name = LaunchScreen.storyboard;
			sourceTree = "<group>";
		};
		1233F94C235CA98E0010D31C /* Localizable.strings */ = {
			isa = PBXVariantGroup;
			children = (
				1233F94B235CA98E0010D31C /* en */,
				1233F94D235CA9920010D31C /* zh-Hans */,
				1233F94E235CA9930010D31C /* vi */,
			);
			name = Localizable.strings;
			sourceTree = "<group>";
		};
/* End PBXVariantGroup section */

/* Begin XCBuildConfiguration section */
		1233F937235CA5940010D31C /* Debug */ = {
			isa = XCBuildConfiguration;
			buildSettings = {
				ALWAYS_SEARCH_USER_PATHS = NO;
				CLANG_ANALYZER_LOCALIZABILITY_NONLOCALIZED = YES;
				CLANG_ANALYZER_NONNULL = YES;
				CLANG_ANALYZER_NUMBER_OBJECT_CONVERSION = YES_AGGRESSIVE;
				CLANG_CXX_LANGUAGE_STANDARD = "gnu++14";
				CLANG_CXX_LIBRARY = "libc++";
				CLANG_ENABLE_MODULES = YES;
				CLANG_ENABLE_OBJC_ARC = YES;
				CLANG_ENABLE_OBJC_WEAK = YES;
				CLANG_WARN_BLOCK_CAPTURE_AUTORELEASING = YES;
				CLANG_WARN_BOOL_CONVERSION = YES;
				CLANG_WARN_COMMA = YES;
				CLANG_WARN_CONSTANT_CONVERSION = YES;
				CLANG_WARN_DEPRECATED_OBJC_IMPLEMENTATIONS = YES;
				CLANG_WARN_DIRECT_OBJC_ISA_USAGE = YES_ERROR;
				CLANG_WARN_DOCUMENTATION_COMMENTS = YES;
				CLANG_WARN_EMPTY_BODY = YES;
				CLANG_WARN_ENUM_CONVERSION = YES;
				CLANG_WARN_INFINITE_RECURSION = YES;
				CLANG_WARN_INT_CONVERSION = YES;
				CLANG_WARN_NON_LITERAL_NULL_CONVERSION = YES;
				CLANG_WARN_OBJC_IMPLICIT_RETAIN_SELF = YES;
				CLANG_WARN_OBJC_LITERAL_CONVERSION = YES;
				CLANG_WARN_OBJC_ROOT_CLASS = YES_ERROR;
				CLANG_WARN_RANGE_LOOP_ANALYSIS = YES;
				CLANG_WARN_STRICT_PROTOTYPES = YES;
				CLANG_WARN_SUSPICIOUS_MOVE = YES;
				CLANG_WARN_UNGUARDED_AVAILABILITY = YES_AGGRESSIVE;
				CLANG_WARN_UNREACHABLE_CODE = YES;
				CLANG_WARN__DUPLICATE_METHOD_MATCH = YES;
				COPY_PHASE_STRIP = NO;
				DEBUG_INFORMATION_FORMAT = dwarf;
				ENABLE_STRICT_OBJC_MSGSEND = YES;
				ENABLE_TESTABILITY = YES;
				GCC_C_LANGUAGE_STANDARD = gnu11;
				GCC_DYNAMIC_NO_PIC = NO;
				GCC_NO_COMMON_BLOCKS = YES;
				GCC_OPTIMIZATION_LEVEL = 0;
				GCC_PREPROCESSOR_DEFINITIONS = (
					"DEBUG=1",
					"$(inherited)",
				);
				GCC_WARN_64_TO_32_BIT_CONVERSION = YES;
				GCC_WARN_ABOUT_RETURN_TYPE = YES_ERROR;
				GCC_WARN_UNDECLARED_SELECTOR = YES;
				GCC_WARN_UNINITIALIZED_AUTOS = YES_AGGRESSIVE;
				GCC_WARN_UNUSED_FUNCTION = YES;
				GCC_WARN_UNUSED_VARIABLE = YES;
				IPHONEOS_DEPLOYMENT_TARGET = 13.0;
				MTL_ENABLE_DEBUG_INFO = INCLUDE_SOURCE;
				MTL_FAST_MATH = YES;
				ONLY_ACTIVE_ARCH = YES;
				SDKROOT = iphoneos;
				SWIFT_ACTIVE_COMPILATION_CONDITIONS = DEBUG;
				SWIFT_OPTIMIZATION_LEVEL = "-Onone";
			};
			name = Debug;
		};
		1233F938235CA5940010D31C /* Release */ = {
			isa = XCBuildConfiguration;
			buildSettings = {
				ALWAYS_SEARCH_USER_PATHS = NO;
				CLANG_ANALYZER_LOCALIZABILITY_NONLOCALIZED = YES;
				CLANG_ANALYZER_NONNULL = YES;
				CLANG_ANALYZER_NUMBER_OBJECT_CONVERSION = YES_AGGRESSIVE;
				CLANG_CXX_LANGUAGE_STANDARD = "gnu++14";
				CLANG_CXX_LIBRARY = "libc++";
				CLANG_ENABLE_MODULES = YES;
				CLANG_ENABLE_OBJC_ARC = YES;
				CLANG_ENABLE_OBJC_WEAK = YES;
				CLANG_WARN_BLOCK_CAPTURE_AUTORELEASING = YES;
				CLANG_WARN_BOOL_CONVERSION = YES;
				CLANG_WARN_COMMA = YES;
				CLANG_WARN_CONSTANT_CONVERSION = YES;
				CLANG_WARN_DEPRECATED_OBJC_IMPLEMENTATIONS = YES;
				CLANG_WARN_DIRECT_OBJC_ISA_USAGE = YES_ERROR;
				CLANG_WARN_DOCUMENTATION_COMMENTS = YES;
				CLANG_WARN_EMPTY_BODY = YES;
				CLANG_WARN_ENUM_CONVERSION = YES;
				CLANG_WARN_INFINITE_RECURSION = YES;
				CLANG_WARN_INT_CONVERSION = YES;
				CLANG_WARN_NON_LITERAL_NULL_CONVERSION = YES;
				CLANG_WARN_OBJC_IMPLICIT_RETAIN_SELF = YES;
				CLANG_WARN_OBJC_LITERAL_CONVERSION = YES;
				CLANG_WARN_OBJC_ROOT_CLASS = YES_ERROR;
				CLANG_WARN_RANGE_LOOP_ANALYSIS = YES;
				CLANG_WARN_STRICT_PROTOTYPES = YES;
				CLANG_WARN_SUSPICIOUS_MOVE = YES;
				CLANG_WARN_UNGUARDED_AVAILABILITY = YES_AGGRESSIVE;
				CLANG_WARN_UNREACHABLE_CODE = YES;
				CLANG_WARN__DUPLICATE_METHOD_MATCH = YES;
				COPY_PHASE_STRIP = NO;
				DEBUG_INFORMATION_FORMAT = "dwarf-with-dsym";
				ENABLE_NS_ASSERTIONS = NO;
				ENABLE_STRICT_OBJC_MSGSEND = YES;
				GCC_C_LANGUAGE_STANDARD = gnu11;
				GCC_NO_COMMON_BLOCKS = YES;
				GCC_WARN_64_TO_32_BIT_CONVERSION = YES;
				GCC_WARN_ABOUT_RETURN_TYPE = YES_ERROR;
				GCC_WARN_UNDECLARED_SELECTOR = YES;
				GCC_WARN_UNINITIALIZED_AUTOS = YES_AGGRESSIVE;
				GCC_WARN_UNUSED_FUNCTION = YES;
				GCC_WARN_UNUSED_VARIABLE = YES;
				IPHONEOS_DEPLOYMENT_TARGET = 13.0;
				MTL_ENABLE_DEBUG_INFO = NO;
				MTL_FAST_MATH = YES;
				SDKROOT = iphoneos;
				SWIFT_COMPILATION_MODE = wholemodule;
				SWIFT_OPTIMIZATION_LEVEL = "-O";
				VALIDATE_PRODUCT = YES;
			};
			name = Release;
		};
		1233F93A235CA5940010D31C /* Debug */ = {
			isa = XCBuildConfiguration;
			baseConfigurationReference = 82B94834697809AA5D7941B1 /* Pods-XueZhongYu.debug.xcconfig */;
			buildSettings = {
				ASSETCATALOG_COMPILER_APPICON_NAME = AppIcon;
				CODE_SIGN_STYLE = Automatic;
				DEVELOPMENT_TEAM = T59U8JF47Z;
				INFOPLIST_FILE = XueZhongYu/Info.plist;
				IPHONEOS_DEPLOYMENT_TARGET = 13.0;
				LD_RUNPATH_SEARCH_PATHS = (
					"$(inherited)",
					"@executable_path/Frameworks",
				);
				PRODUCT_BUNDLE_IDENTIFIER = com.kiettieu.XueZhongYu;
				PRODUCT_NAME = "$(TARGET_NAME)";
				SWIFT_VERSION = 5.0;
				TARGETED_DEVICE_FAMILY = 1;
			};
			name = Debug;
		};
		1233F93B235CA5940010D31C /* Release */ = {
			isa = XCBuildConfiguration;
			baseConfigurationReference = 6AE3AE0EFB78A6888EF85E71 /* Pods-XueZhongYu.release.xcconfig */;
			buildSettings = {
				ASSETCATALOG_COMPILER_APPICON_NAME = AppIcon;
				CODE_SIGN_STYLE = Automatic;
				DEVELOPMENT_TEAM = T59U8JF47Z;
				INFOPLIST_FILE = XueZhongYu/Info.plist;
				IPHONEOS_DEPLOYMENT_TARGET = 13.0;
				LD_RUNPATH_SEARCH_PATHS = (
					"$(inherited)",
					"@executable_path/Frameworks",
				);
				PRODUCT_BUNDLE_IDENTIFIER = com.kiettieu.XueZhongYu;
				PRODUCT_NAME = "$(TARGET_NAME)";
				SWIFT_VERSION = 5.0;
				TARGETED_DEVICE_FAMILY = 1;
			};
			name = Release;
		};
/* End XCBuildConfiguration section */

/* Begin XCConfigurationList section */
		1233F91D235CA5920010D31C /* Build configuration list for PBXProject "XueZhongYu" */ = {
			isa = XCConfigurationList;
			buildConfigurations = (
				1233F937235CA5940010D31C /* Debug */,
				1233F938235CA5940010D31C /* Release */,
			);
			defaultConfigurationIsVisible = 0;
			defaultConfigurationName = Release;
		};
		1233F939235CA5940010D31C /* Build configuration list for PBXNativeTarget "XueZhongYu" */ = {
			isa = XCConfigurationList;
			buildConfigurations = (
				1233F93A235CA5940010D31C /* Debug */,
				1233F93B235CA5940010D31C /* Release */,
			);
			defaultConfigurationIsVisible = 0;
			defaultConfigurationName = Release;
		};
/* End XCConfigurationList section */

/* Begin XCVersionGroup section */
		1233F92E235CA5930010D31C /* XueZhongYu.xcdatamodeld */ = {
			isa = XCVersionGroup;
			children = (
				1233F92F235CA5930010D31C /* XueZhongYu.xcdatamodel */,
			);
			currentVersion = 1233F92F235CA5930010D31C /* XueZhongYu.xcdatamodel */;
			path = XueZhongYu.xcdatamodeld;
			sourceTree = "<group>";
			versionGroupType = wrapper.xcdatamodel;
		};
/* End XCVersionGroup section */
	};
	rootObject = 1233F91A235CA5920010D31C /* Project object */;
}
